// !$*UTF8*$!
{
	archiveVersion = 1;
	classes = {
	};
	objectVersion = 56;
	objects = {

/* Begin PBXBuildFile section */
		2CDF3069CAADC224F7D01573 /* Pods_BinbagVerify.framework in Frameworks */ = {isa = PBXBuildFile; fileRef = 7F3A6D02EAB3E7CBB889EE77 /* Pods_BinbagVerify.framework */; };
		89124D262C638DFF00449D55 /* DIVEOnlineSDK in Frameworks */ = {isa = PBXBuildFile; productRef = 89124D252C638DFF00449D55 /* DIVEOnlineSDK */; };
		89124D282C638DFF00449D55 /* DIVESDK in Frameworks */ = {isa = PBXBuildFile; productRef = 89124D272C638DFF00449D55 /* DIVESDK */; };
		89166D3E2CB912EF001CD894 /* ContractScreen.swift in Sources */ = {isa = PBXBuildFile; fileRef = 89166D3D2CB912EF001CD894 /* ContractScreen.swift */; };
		89258C9A2CB54DDE002F7D03 /* VerifiedScreen.swift in Sources */ = {isa = PBXBuildFile; fileRef = 89258C992CB54DDE002F7D03 /* VerifiedScreen.swift */; };
		89258C9C2CB54FEE002F7D03 /* VerifyRejectScreen.swift in Sources */ = {isa = PBXBuildFile; fileRef = 89258C9B2CB54FEE002F7D03 /* VerifyRejectScreen.swift */; };
		895A356F2CB3E95600FBD06D /* VerifyDocument.storyboard in Resources */ = {isa = PBXBuildFile; fileRef = 895A356E2CB3E95600FBD06D /* VerifyDocument.storyboard */; };
		895A35712CB3E9D000FBD06D /* Authentication.storyboard in Resources */ = {isa = PBXBuildFile; fileRef = 895A35702CB3E9D000FBD06D /* Authentication.storyboard */; };
		895A35D82CB3EBBE00FBD06D /* AuthServices.swift in Sources */ = {isa = PBXBuildFile; fileRef = 895A35722CB3EBBE00FBD06D /* AuthServices.swift */; };
		895A35D92CB3EBBE00FBD06D /* ChatService.swift in Sources */ = {isa = PBXBuildFile; fileRef = 895A35732CB3EBBE00FBD06D /* ChatService.swift */; };
		895A35DA2CB3EBBE00FBD06D /* DeveloperListService.swift in Sources */ = {isa = PBXBuildFile; fileRef = 895A35742CB3EBBE00FBD06D /* DeveloperListService.swift */; };
		895A35DB2CB3EBBE00FBD06D /* EventService.swift in Sources */ = {isa = PBXBuildFile; fileRef = 895A35752CB3EBBE00FBD06D /* EventService.swift */; };
		895A35DC2CB3EBBE00FBD06D /* HomeService.swift in Sources */ = {isa = PBXBuildFile; fileRef = 895A35762CB3EBBE00FBD06D /* HomeService.swift */; };
		895A35DD2CB3EBBE00FBD06D /* MaintenanceService.swift in Sources */ = {isa = PBXBuildFile; fileRef = 895A35772CB3EBBE00FBD06D /* MaintenanceService.swift */; };
		895A35DE2CB3EBBE00FBD06D /* PaymentService.swift in Sources */ = {isa = PBXBuildFile; fileRef = 895A35782CB3EBBE00FBD06D /* PaymentService.swift */; };
		895A35DF2CB3EBBE00FBD06D /* ReservationService.swift in Sources */ = {isa = PBXBuildFile; fileRef = 895A35792CB3EBBE00FBD06D /* ReservationService.swift */; };
		895A35E02CB3EBBE00FBD06D /* SecurityService.swift in Sources */ = {isa = PBXBuildFile; fileRef = 895A357A2CB3EBBE00FBD06D /* SecurityService.swift */; };
		895A35E12CB3EBBE00FBD06D /* ServiceProvider.swift in Sources */ = {isa = PBXBuildFile; fileRef = 895A357B2CB3EBBE00FBD06D /* ServiceProvider.swift */; };
		895A35E22CB3EBBE00FBD06D /* APIManager.swift in Sources */ = {isa = PBXBuildFile; fileRef = 895A357D2CB3EBBE00FBD06D /* APIManager.swift */; };
		895A35E42CB3EBBE00FBD06D /* WebServicesUrls.swift in Sources */ = {isa = PBXBuildFile; fileRef = 895A357F2CB3EBBE00FBD06D /* WebServicesUrls.swift */; };
		895A35E52CB3EBBE00FBD06D /* IAPM.swift in Sources */ = {isa = PBXBuildFile; fileRef = 895A35812CB3EBBE00FBD06D /* IAPM.swift */; };
		895A35E62CB3EBBE00FBD06D /* AlertMessage.swift in Sources */ = {isa = PBXBuildFile; fileRef = 895A35832CB3EBBE00FBD06D /* AlertMessage.swift */; };
		895A35E72CB3EBBE00FBD06D /* CommanModel.swift in Sources */ = {isa = PBXBuildFile; fileRef = 895A35842CB3EBBE00FBD06D /* CommanModel.swift */; };
		895A35E82CB3EBBE00FBD06D /* Constant.swift in Sources */ = {isa = PBXBuildFile; fileRef = 895A35852CB3EBBE00FBD06D /* Constant.swift */; };
		895A35E92CB3EBBE00FBD06D /* Extensions.swift in Sources */ = {isa = PBXBuildFile; fileRef = 895A35862CB3EBBE00FBD06D /* Extensions.swift */; };
		895A35EA2CB3EBBE00FBD06D /* GlobalString.swift in Sources */ = {isa = PBXBuildFile; fileRef = 895A35872CB3EBBE00FBD06D /* GlobalString.swift */; };
		895A35EB2CB3EBBE00FBD06D /* UserDefaultsManager.swift in Sources */ = {isa = PBXBuildFile; fileRef = 895A35882CB3EBBE00FBD06D /* UserDefaultsManager.swift */; };
		895A35EC2CB3EBBE00FBD06D /* Utility.swift in Sources */ = {isa = PBXBuildFile; fileRef = 895A35892CB3EBBE00FBD06D /* Utility.swift */; };
		895A35ED2CB3EBBE00FBD06D /* BottomPopupDismissAnimator.swift in Sources */ = {isa = PBXBuildFile; fileRef = 895A358B2CB3EBBE00FBD06D /* BottomPopupDismissAnimator.swift */; };
		895A35EE2CB3EBBE00FBD06D /* BottomPopupDismissInteractionController.swift in Sources */ = {isa = PBXBuildFile; fileRef = 895A358C2CB3EBBE00FBD06D /* BottomPopupDismissInteractionController.swift */; };
		895A35EF2CB3EBBE00FBD06D /* BottomPopupNavigationController.swift in Sources */ = {isa = PBXBuildFile; fileRef = 895A358D2CB3EBBE00FBD06D /* BottomPopupNavigationController.swift */; };
		895A35F02CB3EBBE00FBD06D /* BottomPopupPresentAnimator.swift in Sources */ = {isa = PBXBuildFile; fileRef = 895A358E2CB3EBBE00FBD06D /* BottomPopupPresentAnimator.swift */; };
		895A35F12CB3EBBE00FBD06D /* BottomPopupPresentationController.swift in Sources */ = {isa = PBXBuildFile; fileRef = 895A358F2CB3EBBE00FBD06D /* BottomPopupPresentationController.swift */; };
		895A35F22CB3EBBE00FBD06D /* BottomPopupTransitionHandler.swift in Sources */ = {isa = PBXBuildFile; fileRef = 895A35902CB3EBBE00FBD06D /* BottomPopupTransitionHandler.swift */; };
		895A35F32CB3EBBE00FBD06D /* BottomPopupUtils.swift in Sources */ = {isa = PBXBuildFile; fileRef = 895A35912CB3EBBE00FBD06D /* BottomPopupUtils.swift */; };
		895A35F42CB3EBBE00FBD06D /* BottomPopupViewController.swift in Sources */ = {isa = PBXBuildFile; fileRef = 895A35922CB3EBBE00FBD06D /* BottomPopupViewController.swift */; };
		895A35F52CB3EBBE00FBD06D /* CustomSliderView.swift in Sources */ = {isa = PBXBuildFile; fileRef = 895A35942CB3EBBE00FBD06D /* CustomSliderView.swift */; };
		895A35F62CB3EBBE00FBD06D /* gradint.swift in Sources */ = {isa = PBXBuildFile; fileRef = 895A35962CB3EBBE00FBD06D /* gradint.swift */; };
		895A35F72CB3EBBE00FBD06D /* UIButtonX.swift in Sources */ = {isa = PBXBuildFile; fileRef = 895A35972CB3EBBE00FBD06D /* UIButtonX.swift */; };
		895A35F82CB3EBBE00FBD06D /* UIImageViewX.swift in Sources */ = {isa = PBXBuildFile; fileRef = 895A35982CB3EBBE00FBD06D /* UIImageViewX.swift */; };
		895A35F92CB3EBBE00FBD06D /* UILabelX.swift in Sources */ = {isa = PBXBuildFile; fileRef = 895A35992CB3EBBE00FBD06D /* UILabelX.swift */; };
		895A35FA2CB3EBBE00FBD06D /* UISliderX.swift in Sources */ = {isa = PBXBuildFile; fileRef = 895A359A2CB3EBBE00FBD06D /* UISliderX.swift */; };
		895A35FB2CB3EBBE00FBD06D /* UITextFieldX.swift in Sources */ = {isa = PBXBuildFile; fileRef = 895A359B2CB3EBBE00FBD06D /* UITextFieldX.swift */; };
		895A35FC2CB3EBBE00FBD06D /* UIViewAnchorPoint.swift in Sources */ = {isa = PBXBuildFile; fileRef = 895A359C2CB3EBBE00FBD06D /* UIViewAnchorPoint.swift */; };
		895A35FD2CB3EBBE00FBD06D /* UIViewControllerX.swift in Sources */ = {isa = PBXBuildFile; fileRef = 895A359D2CB3EBBE00FBD06D /* UIViewControllerX.swift */; };
		895A35FE2CB3EBBE00FBD06D /* UIViewX.swift in Sources */ = {isa = PBXBuildFile; fileRef = 895A359E2CB3EBBE00FBD06D /* UIViewX.swift */; };
		895A35FF2CB3EBBE00FBD06D /* UIViewXRadialGradient.swift in Sources */ = {isa = PBXBuildFile; fileRef = 895A359F2CB3EBBE00FBD06D /* UIViewXRadialGradient.swift */; };
		895A36002CB3EBBE00FBD06D /* UIVisualEffectViewX.swift in Sources */ = {isa = PBXBuildFile; fileRef = 895A35A02CB3EBBE00FBD06D /* UIVisualEffectViewX.swift */; };
		895A36012CB3EBBE00FBD06D /* LGSideMenuController+ValidatingUserInteraction.swift in Sources */ = {isa = PBXBuildFile; fileRef = 895A35A22CB3EBBE00FBD06D /* LGSideMenuController+ValidatingUserInteraction.swift */; };
		895A36022CB3EBBE00FBD06D /* LGSideMenuController+ValidatingViewsFrames.swift in Sources */ = {isa = PBXBuildFile; fileRef = 895A35A32CB3EBBE00FBD06D /* LGSideMenuController+ValidatingViewsFrames.swift */; };
		895A36032CB3EBBE00FBD06D /* LGSideMenuController+ValidatingViewsHierarchy.swift in Sources */ = {isa = PBXBuildFile; fileRef = 895A35A42CB3EBBE00FBD06D /* LGSideMenuController+ValidatingViewsHierarchy.swift */; };
		895A36042CB3EBBE00FBD06D /* LGSideMenuController+ValidatingViewsInit.swift in Sources */ = {isa = PBXBuildFile; fileRef = 895A35A52CB3EBBE00FBD06D /* LGSideMenuController+ValidatingViewsInit.swift */; };
		895A36052CB3EBBE00FBD06D /* LGSideMenuController+ValidatingViewsStyles.swift in Sources */ = {isa = PBXBuildFile; fileRef = 895A35A62CB3EBBE00FBD06D /* LGSideMenuController+ValidatingViewsStyles.swift */; };
		895A36062CB3EBBE00FBD06D /* LGSideMenuController+ValidatingViewsTransforms.swift in Sources */ = {isa = PBXBuildFile; fileRef = 895A35A72CB3EBBE00FBD06D /* LGSideMenuController+ValidatingViewsTransforms.swift */; };
		895A36072CB3EBBE00FBD06D /* LGSideMenuController+ValidatingViewsVisibility.swift in Sources */ = {isa = PBXBuildFile; fileRef = 895A35A82CB3EBBE00FBD06D /* LGSideMenuController+ValidatingViewsVisibility.swift */; };
		895A36082CB3EBBE00FBD06D /* LGSideMenuController+Callbacks.swift in Sources */ = {isa = PBXBuildFile; fileRef = 895A35AA2CB3EBBE00FBD06D /* LGSideMenuController+Callbacks.swift */; };
		895A36092CB3EBBE00FBD06D /* LGSideMenuController+GesturesHandler.swift in Sources */ = {isa = PBXBuildFile; fileRef = 895A35AB2CB3EBBE00FBD06D /* LGSideMenuController+GesturesHandler.swift */; };
		895A360A2CB3EBBE00FBD06D /* LGSideMenuController+Helpers.swift in Sources */ = {isa = PBXBuildFile; fileRef = 895A35AC2CB3EBBE00FBD06D /* LGSideMenuController+Helpers.swift */; };
		895A360B2CB3EBBE00FBD06D /* LGSideMenuController+Layouting.swift in Sources */ = {isa = PBXBuildFile; fileRef = 895A35AD2CB3EBBE00FBD06D /* LGSideMenuController+Layouting.swift */; };
		895A360C2CB3EBBE00FBD06D /* LGSideMenuController+LeftViewActions.swift in Sources */ = {isa = PBXBuildFile; fileRef = 895A35AE2CB3EBBE00FBD06D /* LGSideMenuController+LeftViewActions.swift */; };
		895A360D2CB3EBBE00FBD06D /* LGSideMenuController+RightViewActions.swift in Sources */ = {isa = PBXBuildFile; fileRef = 895A35AF2CB3EBBE00FBD06D /* LGSideMenuController+RightViewActions.swift */; };
		895A360E2CB3EBBE00FBD06D /* LGSideMenuController+Rotating.swift in Sources */ = {isa = PBXBuildFile; fileRef = 895A35B02CB3EBBE00FBD06D /* LGSideMenuController+Rotating.swift */; };
		895A360F2CB3EBBE00FBD06D /* LGSideMenuController+States.swift in Sources */ = {isa = PBXBuildFile; fileRef = 895A35B12CB3EBBE00FBD06D /* LGSideMenuController+States.swift */; };
		895A36102CB3EBBE00FBD06D /* LGSideMenuController+StatusBarHandler.swift in Sources */ = {isa = PBXBuildFile; fileRef = 895A35B22CB3EBBE00FBD06D /* LGSideMenuController+StatusBarHandler.swift */; };
		895A36112CB3EBBE00FBD06D /* LGSideMenuController+ViewsRemoving.swift in Sources */ = {isa = PBXBuildFile; fileRef = 895A35B32CB3EBBE00FBD06D /* LGSideMenuController+ViewsRemoving.swift */; };
		895A36122CB3EBBE00FBD06D /* LGSideMenuBackgroundDecorationView.swift in Sources */ = {isa = PBXBuildFile; fileRef = 895A35B52CB3EBBE00FBD06D /* LGSideMenuBackgroundDecorationView.swift */; };
		895A36132CB3EBBE00FBD06D /* LGSideMenuBackgroundShadowView.swift in Sources */ = {isa = PBXBuildFile; fileRef = 895A35B62CB3EBBE00FBD06D /* LGSideMenuBackgroundShadowView.swift */; };
		895A36142CB3EBBE00FBD06D /* LGSideMenuController.swift in Sources */ = {isa = PBXBuildFile; fileRef = 895A35B72CB3EBBE00FBD06D /* LGSideMenuController.swift */; };
		895A36152CB3EBBE00FBD06D /* LGSideMenuDelegate.swift in Sources */ = {isa = PBXBuildFile; fileRef = 895A35B82CB3EBBE00FBD06D /* LGSideMenuDelegate.swift */; };
		895A36162CB3EBBE00FBD06D /* LGSideMenuHelper.swift in Sources */ = {isa = PBXBuildFile; fileRef = 895A35B92CB3EBBE00FBD06D /* LGSideMenuHelper.swift */; };
		895A36172CB3EBBE00FBD06D /* LGSideMenuSegue.swift in Sources */ = {isa = PBXBuildFile; fileRef = 895A35BA2CB3EBBE00FBD06D /* LGSideMenuSegue.swift */; };
		895A36182CB3EBBE00FBD06D /* LGSideMenuStatusBarBackgroundView.swift in Sources */ = {isa = PBXBuildFile; fileRef = 895A35BB2CB3EBBE00FBD06D /* LGSideMenuStatusBarBackgroundView.swift */; };
		895A36192CB3EBBE00FBD06D /* LGSideMenuWrapperView.swift in Sources */ = {isa = PBXBuildFile; fileRef = 895A35BC2CB3EBBE00FBD06D /* LGSideMenuWrapperView.swift */; };
		895A361A2CB3EBBE00FBD06D /* UIViewController+LGSideMenuController.swift in Sources */ = {isa = PBXBuildFile; fileRef = 895A35BD2CB3EBBE00FBD06D /* UIViewController+LGSideMenuController.swift */; };
		895A361B2CB3EBBE00FBD06D /* RangeSeekSlider.swift in Sources */ = {isa = PBXBuildFile; fileRef = 895A35BF2CB3EBBE00FBD06D /* RangeSeekSlider.swift */; };
		895A361C2CB3EBBE00FBD06D /* RangeSeekSliderDelegate.swift in Sources */ = {isa = PBXBuildFile; fileRef = 895A35C02CB3EBBE00FBD06D /* RangeSeekSliderDelegate.swift */; };
		895A361D2CB3EBBE00FBD06D /* TapticEngine.swift in Sources */ = {isa = PBXBuildFile; fileRef = 895A35C12CB3EBBE00FBD06D /* TapticEngine.swift */; };
		895A361E2CB3EBBE00FBD06D /* Reachability.swift in Sources */ = {isa = PBXBuildFile; fileRef = 895A35C32CB3EBBE00FBD06D /* Reachability.swift */; };
		895A361F2CB3EBBE00FBD06D /* SwiftLoader.swift in Sources */ = {isa = PBXBuildFile; fileRef = 895A35C52CB3EBBE00FBD06D /* SwiftLoader.swift */; };
		895A36202CB3EBBE00FBD06D /* CardView.swift in Sources */ = {isa = PBXBuildFile; fileRef = 895A35C72CB3EBBE00FBD06D /* CardView.swift */; };
		895A36212CB3EBBE00FBD06D /* CustomGradientView.swift in Sources */ = {isa = PBXBuildFile; fileRef = 895A35C82CB3EBBE00FBD06D /* CustomGradientView.swift */; };
		895A36222CB3EBBE00FBD06D /* CustomLoader.swift in Sources */ = {isa = PBXBuildFile; fileRef = 895A35C92CB3EBBE00FBD06D /* CustomLoader.swift */; };
		895A36232CB3EBBE00FBD06D /* DesignClass.swift in Sources */ = {isa = PBXBuildFile; fileRef = 895A35CA2CB3EBBE00FBD06D /* DesignClass.swift */; };
		895A36242CB3EBBE00FBD06D /* DeviceSortList.swift in Sources */ = {isa = PBXBuildFile; fileRef = 895A35CB2CB3EBBE00FBD06D /* DeviceSortList.swift */; };
		895A36252CB3EBBE00FBD06D /* FloatingLabelInput.swift in Sources */ = {isa = PBXBuildFile; fileRef = 895A35CC2CB3EBBE00FBD06D /* FloatingLabelInput.swift */; };
		895A36262CB3EBBE00FBD06D /* GSImageViewerController.swift in Sources */ = {isa = PBXBuildFile; fileRef = 895A35CD2CB3EBBE00FBD06D /* GSImageViewerController.swift */; };
		895A36272CB3EBBE00FBD06D /* ImagePicker.swift in Sources */ = {isa = PBXBuildFile; fileRef = 895A35CE2CB3EBBE00FBD06D /* ImagePicker.swift */; };
		895A36282CB3EBBE00FBD06D /* InnerShadowView.swift in Sources */ = {isa = PBXBuildFile; fileRef = 895A35CF2CB3EBBE00FBD06D /* InnerShadowView.swift */; };
		895A36292CB3EBBE00FBD06D /* LightCompressor.swift in Sources */ = {isa = PBXBuildFile; fileRef = 895A35D02CB3EBBE00FBD06D /* LightCompressor.swift */; };
		895A362A2CB3EBBE00FBD06D /* Toast.swift in Sources */ = {isa = PBXBuildFile; fileRef = 895A35D12CB3EBBE00FBD06D /* Toast.swift */; };
		895A362B2CB3EBBE00FBD06D /* WMSegment.swift in Sources */ = {isa = PBXBuildFile; fileRef = 895A35D22CB3EBBE00FBD06D /* WMSegment.swift */; };
		895A362C2CB3EBBE00FBD06D /* Reponse.swift in Sources */ = {isa = PBXBuildFile; fileRef = 895A35D42CB3EBBE00FBD06D /* Reponse.swift */; };
		895A362D2CB3EBBE00FBD06D /* RequestModel.swift in Sources */ = {isa = PBXBuildFile; fileRef = 895A35D52CB3EBBE00FBD06D /* RequestModel.swift */; };
		895A362E2CB3EBBE00FBD06D /* ResponseModel.swift in Sources */ = {isa = PBXBuildFile; fileRef = 895A35D62CB3EBBE00FBD06D /* ResponseModel.swift */; };
		895A36302CB3F56F00FBD06D /* Intoduction.mp4 in Resources */ = {isa = PBXBuildFile; fileRef = 895A362F2CB3F56F00FBD06D /* Intoduction.mp4 */; };
		895A36322CB3F9E400FBD06D /* SignUpScreen.swift in Sources */ = {isa = PBXBuildFile; fileRef = 895A36312CB3F9E400FBD06D /* SignUpScreen.swift */; };
		89A705AC2A691DA50018F69C /* AppDelegate.swift in Sources */ = {isa = PBXBuildFile; fileRef = 89A705AB2A691DA50018F69C /* AppDelegate.swift */; };
		89A705B02A691DA50018F69C /* ViewController.swift in Sources */ = {isa = PBXBuildFile; fileRef = 89A705AF2A691DA50018F69C /* ViewController.swift */; };
		89A705B32A691DA50018F69C /* Main.storyboard in Resources */ = {isa = PBXBuildFile; fileRef = 89A705B12A691DA50018F69C /* Main.storyboard */; };
		89A705B52A691DA60018F69C /* Assets.xcassets in Resources */ = {isa = PBXBuildFile; fileRef = 89A705B42A691DA60018F69C /* Assets.xcassets */; };
		89A705B82A691DA60018F69C /* LaunchScreen.storyboard in Resources */ = {isa = PBXBuildFile; fileRef = 89A705B62A691DA60018F69C /* LaunchScreen.storyboard */; };
		89A705C22A691F060018F69C /* ConfigDemo.json in Resources */ = {isa = PBXBuildFile; fileRef = 89A705C12A691F060018F69C /* ConfigDemo.json */; };
		89A705C72A6949700018F69C /* Result_VC.swift in Sources */ = {isa = PBXBuildFile; fileRef = 89A705C42A6949700018F69C /* Result_VC.swift */; };
		89A705C82A6949700018F69C /* DIVEOnlineSDK_VC.swift in Sources */ = {isa = PBXBuildFile; fileRef = 89A705C52A6949700018F69C /* DIVEOnlineSDK_VC.swift */; };
		89A705C92A6949700018F69C /* DIVESDK_VC.swift in Sources */ = {isa = PBXBuildFile; fileRef = 89A705C62A6949700018F69C /* DIVESDK_VC.swift */; };
		89B68DD82CB8F71F006629DC /* SFPRODISPLAYREGULAR.OTF in Resources */ = {isa = PBXBuildFile; fileRef = 89B68DD52CB8F71F006629DC /* SFPRODISPLAYREGULAR.OTF */; };
		89B68DD92CB8F71F006629DC /* SFPRODISPLAYBOLD.OTF in Resources */ = {isa = PBXBuildFile; fileRef = 89B68DD62CB8F71F006629DC /* SFPRODISPLAYBOLD.OTF */; };
		89B68DDA2CB8F71F006629DC /* SFPRODISPLAYMEDIUM.OTF in Resources */ = {isa = PBXBuildFile; fileRef = 89B68DD72CB8F71F006629DC /* SFPRODISPLAYMEDIUM.OTF */; };
/* End PBXBuildFile section */

/* Begin PBXFileReference section */
		4C496905D542671F2ADDDA15 /* Pods-BinbagVerify.release.xcconfig */ = {isa = PBXFileReference; includeInIndex = 1; lastKnownFileType = text.xcconfig; name = "Pods-BinbagVerify.release.xcconfig"; path = "Target Support Files/Pods-BinbagVerify/Pods-BinbagVerify.release.xcconfig"; sourceTree = "<group>"; };
		7F3A6D02EAB3E7CBB889EE77 /* Pods_BinbagVerify.framework */ = {isa = PBXFileReference; explicitFileType = wrapper.framework; includeInIndex = 0; path = Pods_BinbagVerify.framework; sourceTree = BUILT_PRODUCTS_DIR; };
		89166D3D2CB912EF001CD894 /* ContractScreen.swift */ = {isa = PBXFileReference; lastKnownFileType = sourcecode.swift; path = ContractScreen.swift; sourceTree = "<group>"; };
		89258C992CB54DDE002F7D03 /* VerifiedScreen.swift */ = {isa = PBXFileReference; lastKnownFileType = sourcecode.swift; path = VerifiedScreen.swift; sourceTree = "<group>"; };
		89258C9B2CB54FEE002F7D03 /* VerifyRejectScreen.swift */ = {isa = PBXFileReference; lastKnownFileType = sourcecode.swift; path = VerifyRejectScreen.swift; sourceTree = "<group>"; };
		895A356E2CB3E95600FBD06D /* VerifyDocument.storyboard */ = {isa = PBXFileReference; lastKnownFileType = file.storyboard; path = VerifyDocument.storyboard; sourceTree = "<group>"; };
		895A35702CB3E9D000FBD06D /* Authentication.storyboard */ = {isa = PBXFileReference; lastKnownFileType = file.storyboard; path = Authentication.storyboard; sourceTree = "<group>"; };
		895A35722CB3EBBE00FBD06D /* AuthServices.swift */ = {isa = PBXFileReference; fileEncoding = 4; lastKnownFileType = sourcecode.swift; path = AuthServices.swift; sourceTree = "<group>"; };
		895A35732CB3EBBE00FBD06D /* ChatService.swift */ = {isa = PBXFileReference; fileEncoding = 4; lastKnownFileType = sourcecode.swift; path = ChatService.swift; sourceTree = "<group>"; };
		895A35742CB3EBBE00FBD06D /* DeveloperListService.swift */ = {isa = PBXFileReference; fileEncoding = 4; lastKnownFileType = sourcecode.swift; path = DeveloperListService.swift; sourceTree = "<group>"; };
		895A35752CB3EBBE00FBD06D /* EventService.swift */ = {isa = PBXFileReference; fileEncoding = 4; lastKnownFileType = sourcecode.swift; path = EventService.swift; sourceTree = "<group>"; };
		895A35762CB3EBBE00FBD06D /* HomeService.swift */ = {isa = PBXFileReference; fileEncoding = 4; lastKnownFileType = sourcecode.swift; path = HomeService.swift; sourceTree = "<group>"; };
		895A35772CB3EBBE00FBD06D /* MaintenanceService.swift */ = {isa = PBXFileReference; fileEncoding = 4; lastKnownFileType = sourcecode.swift; path = MaintenanceService.swift; sourceTree = "<group>"; };
		895A35782CB3EBBE00FBD06D /* PaymentService.swift */ = {isa = PBXFileReference; fileEncoding = 4; lastKnownFileType = sourcecode.swift; path = PaymentService.swift; sourceTree = "<group>"; };
		895A35792CB3EBBE00FBD06D /* ReservationService.swift */ = {isa = PBXFileReference; fileEncoding = 4; lastKnownFileType = sourcecode.swift; path = ReservationService.swift; sourceTree = "<group>"; };
		895A357A2CB3EBBE00FBD06D /* SecurityService.swift */ = {isa = PBXFileReference; fileEncoding = 4; lastKnownFileType = sourcecode.swift; path = SecurityService.swift; sourceTree = "<group>"; };
		895A357B2CB3EBBE00FBD06D /* ServiceProvider.swift */ = {isa = PBXFileReference; fileEncoding = 4; lastKnownFileType = sourcecode.swift; path = ServiceProvider.swift; sourceTree = "<group>"; };
		895A357D2CB3EBBE00FBD06D /* APIManager.swift */ = {isa = PBXFileReference; fileEncoding = 4; lastKnownFileType = sourcecode.swift; path = APIManager.swift; sourceTree = "<group>"; };
		895A357F2CB3EBBE00FBD06D /* WebServicesUrls.swift */ = {isa = PBXFileReference; fileEncoding = 4; lastKnownFileType = sourcecode.swift; path = WebServicesUrls.swift; sourceTree = "<group>"; };
		895A35812CB3EBBE00FBD06D /* IAPM.swift */ = {isa = PBXFileReference; fileEncoding = 4; lastKnownFileType = sourcecode.swift; path = IAPM.swift; sourceTree = "<group>"; };
		895A35832CB3EBBE00FBD06D /* AlertMessage.swift */ = {isa = PBXFileReference; fileEncoding = 4; lastKnownFileType = sourcecode.swift; path = AlertMessage.swift; sourceTree = "<group>"; };
		895A35842CB3EBBE00FBD06D /* CommanModel.swift */ = {isa = PBXFileReference; fileEncoding = 4; lastKnownFileType = sourcecode.swift; path = CommanModel.swift; sourceTree = "<group>"; };
		895A35852CB3EBBE00FBD06D /* Constant.swift */ = {isa = PBXFileReference; fileEncoding = 4; lastKnownFileType = sourcecode.swift; path = Constant.swift; sourceTree = "<group>"; };
		895A35862CB3EBBE00FBD06D /* Extensions.swift */ = {isa = PBXFileReference; fileEncoding = 4; lastKnownFileType = sourcecode.swift; path = Extensions.swift; sourceTree = "<group>"; };
		895A35872CB3EBBE00FBD06D /* GlobalString.swift */ = {isa = PBXFileReference; fileEncoding = 4; lastKnownFileType = sourcecode.swift; path = GlobalString.swift; sourceTree = "<group>"; };
		895A35882CB3EBBE00FBD06D /* UserDefaultsManager.swift */ = {isa = PBXFileReference; fileEncoding = 4; lastKnownFileType = sourcecode.swift; path = UserDefaultsManager.swift; sourceTree = "<group>"; };
		895A35892CB3EBBE00FBD06D /* Utility.swift */ = {isa = PBXFileReference; fileEncoding = 4; lastKnownFileType = sourcecode.swift; path = Utility.swift; sourceTree = "<group>"; };
		895A358B2CB3EBBE00FBD06D /* BottomPopupDismissAnimator.swift */ = {isa = PBXFileReference; fileEncoding = 4; lastKnownFileType = sourcecode.swift; path = BottomPopupDismissAnimator.swift; sourceTree = "<group>"; };
		895A358C2CB3EBBE00FBD06D /* BottomPopupDismissInteractionController.swift */ = {isa = PBXFileReference; fileEncoding = 4; lastKnownFileType = sourcecode.swift; path = BottomPopupDismissInteractionController.swift; sourceTree = "<group>"; };
		895A358D2CB3EBBE00FBD06D /* BottomPopupNavigationController.swift */ = {isa = PBXFileReference; fileEncoding = 4; lastKnownFileType = sourcecode.swift; path = BottomPopupNavigationController.swift; sourceTree = "<group>"; };
		895A358E2CB3EBBE00FBD06D /* BottomPopupPresentAnimator.swift */ = {isa = PBXFileReference; fileEncoding = 4; lastKnownFileType = sourcecode.swift; path = BottomPopupPresentAnimator.swift; sourceTree = "<group>"; };
		895A358F2CB3EBBE00FBD06D /* BottomPopupPresentationController.swift */ = {isa = PBXFileReference; fileEncoding = 4; lastKnownFileType = sourcecode.swift; path = BottomPopupPresentationController.swift; sourceTree = "<group>"; };
		895A35902CB3EBBE00FBD06D /* BottomPopupTransitionHandler.swift */ = {isa = PBXFileReference; fileEncoding = 4; lastKnownFileType = sourcecode.swift; path = BottomPopupTransitionHandler.swift; sourceTree = "<group>"; };
		895A35912CB3EBBE00FBD06D /* BottomPopupUtils.swift */ = {isa = PBXFileReference; fileEncoding = 4; lastKnownFileType = sourcecode.swift; path = BottomPopupUtils.swift; sourceTree = "<group>"; };
		895A35922CB3EBBE00FBD06D /* BottomPopupViewController.swift */ = {isa = PBXFileReference; fileEncoding = 4; lastKnownFileType = sourcecode.swift; path = BottomPopupViewController.swift; sourceTree = "<group>"; };
		895A35942CB3EBBE00FBD06D /* CustomSliderView.swift */ = {isa = PBXFileReference; fileEncoding = 4; lastKnownFileType = sourcecode.swift; path = CustomSliderView.swift; sourceTree = "<group>"; };
		895A35962CB3EBBE00FBD06D /* gradint.swift */ = {isa = PBXFileReference; fileEncoding = 4; lastKnownFileType = sourcecode.swift; path = gradint.swift; sourceTree = "<group>"; };
		895A35972CB3EBBE00FBD06D /* UIButtonX.swift */ = {isa = PBXFileReference; fileEncoding = 4; lastKnownFileType = sourcecode.swift; path = UIButtonX.swift; sourceTree = "<group>"; };
		895A35982CB3EBBE00FBD06D /* UIImageViewX.swift */ = {isa = PBXFileReference; fileEncoding = 4; lastKnownFileType = sourcecode.swift; path = UIImageViewX.swift; sourceTree = "<group>"; };
		895A35992CB3EBBE00FBD06D /* UILabelX.swift */ = {isa = PBXFileReference; fileEncoding = 4; lastKnownFileType = sourcecode.swift; path = UILabelX.swift; sourceTree = "<group>"; };
		895A359A2CB3EBBE00FBD06D /* UISliderX.swift */ = {isa = PBXFileReference; fileEncoding = 4; lastKnownFileType = sourcecode.swift; path = UISliderX.swift; sourceTree = "<group>"; };
		895A359B2CB3EBBE00FBD06D /* UITextFieldX.swift */ = {isa = PBXFileReference; fileEncoding = 4; lastKnownFileType = sourcecode.swift; path = UITextFieldX.swift; sourceTree = "<group>"; };
		895A359C2CB3EBBE00FBD06D /* UIViewAnchorPoint.swift */ = {isa = PBXFileReference; fileEncoding = 4; lastKnownFileType = sourcecode.swift; path = UIViewAnchorPoint.swift; sourceTree = "<group>"; };
		895A359D2CB3EBBE00FBD06D /* UIViewControllerX.swift */ = {isa = PBXFileReference; fileEncoding = 4; lastKnownFileType = sourcecode.swift; path = UIViewControllerX.swift; sourceTree = "<group>"; };
		895A359E2CB3EBBE00FBD06D /* UIViewX.swift */ = {isa = PBXFileReference; fileEncoding = 4; lastKnownFileType = sourcecode.swift; path = UIViewX.swift; sourceTree = "<group>"; };
		895A359F2CB3EBBE00FBD06D /* UIViewXRadialGradient.swift */ = {isa = PBXFileReference; fileEncoding = 4; lastKnownFileType = sourcecode.swift; path = UIViewXRadialGradient.swift; sourceTree = "<group>"; };
		895A35A02CB3EBBE00FBD06D /* UIVisualEffectViewX.swift */ = {isa = PBXFileReference; fileEncoding = 4; lastKnownFileType = sourcecode.swift; path = UIVisualEffectViewX.swift; sourceTree = "<group>"; };
		895A35A22CB3EBBE00FBD06D /* LGSideMenuController+ValidatingUserInteraction.swift */ = {isa = PBXFileReference; fileEncoding = 4; lastKnownFileType = sourcecode.swift; path = "LGSideMenuController+ValidatingUserInteraction.swift"; sourceTree = "<group>"; };
		895A35A32CB3EBBE00FBD06D /* LGSideMenuController+ValidatingViewsFrames.swift */ = {isa = PBXFileReference; fileEncoding = 4; lastKnownFileType = sourcecode.swift; path = "LGSideMenuController+ValidatingViewsFrames.swift"; sourceTree = "<group>"; };
		895A35A42CB3EBBE00FBD06D /* LGSideMenuController+ValidatingViewsHierarchy.swift */ = {isa = PBXFileReference; fileEncoding = 4; lastKnownFileType = sourcecode.swift; path = "LGSideMenuController+ValidatingViewsHierarchy.swift"; sourceTree = "<group>"; };
		895A35A52CB3EBBE00FBD06D /* LGSideMenuController+ValidatingViewsInit.swift */ = {isa = PBXFileReference; fileEncoding = 4; lastKnownFileType = sourcecode.swift; path = "LGSideMenuController+ValidatingViewsInit.swift"; sourceTree = "<group>"; };
		895A35A62CB3EBBE00FBD06D /* LGSideMenuController+ValidatingViewsStyles.swift */ = {isa = PBXFileReference; fileEncoding = 4; lastKnownFileType = sourcecode.swift; path = "LGSideMenuController+ValidatingViewsStyles.swift"; sourceTree = "<group>"; };
		895A35A72CB3EBBE00FBD06D /* LGSideMenuController+ValidatingViewsTransforms.swift */ = {isa = PBXFileReference; fileEncoding = 4; lastKnownFileType = sourcecode.swift; path = "LGSideMenuController+ValidatingViewsTransforms.swift"; sourceTree = "<group>"; };
		895A35A82CB3EBBE00FBD06D /* LGSideMenuController+ValidatingViewsVisibility.swift */ = {isa = PBXFileReference; fileEncoding = 4; lastKnownFileType = sourcecode.swift; path = "LGSideMenuController+ValidatingViewsVisibility.swift"; sourceTree = "<group>"; };
		895A35AA2CB3EBBE00FBD06D /* LGSideMenuController+Callbacks.swift */ = {isa = PBXFileReference; fileEncoding = 4; lastKnownFileType = sourcecode.swift; path = "LGSideMenuController+Callbacks.swift"; sourceTree = "<group>"; };
		895A35AB2CB3EBBE00FBD06D /* LGSideMenuController+GesturesHandler.swift */ = {isa = PBXFileReference; fileEncoding = 4; lastKnownFileType = sourcecode.swift; path = "LGSideMenuController+GesturesHandler.swift"; sourceTree = "<group>"; };
		895A35AC2CB3EBBE00FBD06D /* LGSideMenuController+Helpers.swift */ = {isa = PBXFileReference; fileEncoding = 4; lastKnownFileType = sourcecode.swift; path = "LGSideMenuController+Helpers.swift"; sourceTree = "<group>"; };
		895A35AD2CB3EBBE00FBD06D /* LGSideMenuController+Layouting.swift */ = {isa = PBXFileReference; fileEncoding = 4; lastKnownFileType = sourcecode.swift; path = "LGSideMenuController+Layouting.swift"; sourceTree = "<group>"; };
		895A35AE2CB3EBBE00FBD06D /* LGSideMenuController+LeftViewActions.swift */ = {isa = PBXFileReference; fileEncoding = 4; lastKnownFileType = sourcecode.swift; path = "LGSideMenuController+LeftViewActions.swift"; sourceTree = "<group>"; };
		895A35AF2CB3EBBE00FBD06D /* LGSideMenuController+RightViewActions.swift */ = {isa = PBXFileReference; fileEncoding = 4; lastKnownFileType = sourcecode.swift; path = "LGSideMenuController+RightViewActions.swift"; sourceTree = "<group>"; };
		895A35B02CB3EBBE00FBD06D /* LGSideMenuController+Rotating.swift */ = {isa = PBXFileReference; fileEncoding = 4; lastKnownFileType = sourcecode.swift; path = "LGSideMenuController+Rotating.swift"; sourceTree = "<group>"; };
		895A35B12CB3EBBE00FBD06D /* LGSideMenuController+States.swift */ = {isa = PBXFileReference; fileEncoding = 4; lastKnownFileType = sourcecode.swift; path = "LGSideMenuController+States.swift"; sourceTree = "<group>"; };
		895A35B22CB3EBBE00FBD06D /* LGSideMenuController+StatusBarHandler.swift */ = {isa = PBXFileReference; fileEncoding = 4; lastKnownFileType = sourcecode.swift; path = "LGSideMenuController+StatusBarHandler.swift"; sourceTree = "<group>"; };
		895A35B32CB3EBBE00FBD06D /* LGSideMenuController+ViewsRemoving.swift */ = {isa = PBXFileReference; fileEncoding = 4; lastKnownFileType = sourcecode.swift; path = "LGSideMenuController+ViewsRemoving.swift"; sourceTree = "<group>"; };
		895A35B52CB3EBBE00FBD06D /* LGSideMenuBackgroundDecorationView.swift */ = {isa = PBXFileReference; fileEncoding = 4; lastKnownFileType = sourcecode.swift; path = LGSideMenuBackgroundDecorationView.swift; sourceTree = "<group>"; };
		895A35B62CB3EBBE00FBD06D /* LGSideMenuBackgroundShadowView.swift */ = {isa = PBXFileReference; fileEncoding = 4; lastKnownFileType = sourcecode.swift; path = LGSideMenuBackgroundShadowView.swift; sourceTree = "<group>"; };
		895A35B72CB3EBBE00FBD06D /* LGSideMenuController.swift */ = {isa = PBXFileReference; fileEncoding = 4; lastKnownFileType = sourcecode.swift; path = LGSideMenuController.swift; sourceTree = "<group>"; };
		895A35B82CB3EBBE00FBD06D /* LGSideMenuDelegate.swift */ = {isa = PBXFileReference; fileEncoding = 4; lastKnownFileType = sourcecode.swift; path = LGSideMenuDelegate.swift; sourceTree = "<group>"; };
		895A35B92CB3EBBE00FBD06D /* LGSideMenuHelper.swift */ = {isa = PBXFileReference; fileEncoding = 4; lastKnownFileType = sourcecode.swift; path = LGSideMenuHelper.swift; sourceTree = "<group>"; };
		895A35BA2CB3EBBE00FBD06D /* LGSideMenuSegue.swift */ = {isa = PBXFileReference; fileEncoding = 4; lastKnownFileType = sourcecode.swift; path = LGSideMenuSegue.swift; sourceTree = "<group>"; };
		895A35BB2CB3EBBE00FBD06D /* LGSideMenuStatusBarBackgroundView.swift */ = {isa = PBXFileReference; fileEncoding = 4; lastKnownFileType = sourcecode.swift; path = LGSideMenuStatusBarBackgroundView.swift; sourceTree = "<group>"; };
		895A35BC2CB3EBBE00FBD06D /* LGSideMenuWrapperView.swift */ = {isa = PBXFileReference; fileEncoding = 4; lastKnownFileType = sourcecode.swift; path = LGSideMenuWrapperView.swift; sourceTree = "<group>"; };
		895A35BD2CB3EBBE00FBD06D /* UIViewController+LGSideMenuController.swift */ = {isa = PBXFileReference; fileEncoding = 4; lastKnownFileType = sourcecode.swift; path = "UIViewController+LGSideMenuController.swift"; sourceTree = "<group>"; };
		895A35BF2CB3EBBE00FBD06D /* RangeSeekSlider.swift */ = {isa = PBXFileReference; fileEncoding = 4; lastKnownFileType = sourcecode.swift; path = RangeSeekSlider.swift; sourceTree = "<group>"; };
		895A35C02CB3EBBE00FBD06D /* RangeSeekSliderDelegate.swift */ = {isa = PBXFileReference; fileEncoding = 4; lastKnownFileType = sourcecode.swift; path = RangeSeekSliderDelegate.swift; sourceTree = "<group>"; };
		895A35C12CB3EBBE00FBD06D /* TapticEngine.swift */ = {isa = PBXFileReference; fileEncoding = 4; lastKnownFileType = sourcecode.swift; path = TapticEngine.swift; sourceTree = "<group>"; };
		895A35C32CB3EBBE00FBD06D /* Reachability.swift */ = {isa = PBXFileReference; fileEncoding = 4; lastKnownFileType = sourcecode.swift; path = Reachability.swift; sourceTree = "<group>"; };
		895A35C52CB3EBBE00FBD06D /* SwiftLoader.swift */ = {isa = PBXFileReference; fileEncoding = 4; lastKnownFileType = sourcecode.swift; path = SwiftLoader.swift; sourceTree = "<group>"; };
		895A35C72CB3EBBE00FBD06D /* CardView.swift */ = {isa = PBXFileReference; fileEncoding = 4; lastKnownFileType = sourcecode.swift; path = CardView.swift; sourceTree = "<group>"; };
		895A35C82CB3EBBE00FBD06D /* CustomGradientView.swift */ = {isa = PBXFileReference; fileEncoding = 4; lastKnownFileType = sourcecode.swift; path = CustomGradientView.swift; sourceTree = "<group>"; };
		895A35C92CB3EBBE00FBD06D /* CustomLoader.swift */ = {isa = PBXFileReference; fileEncoding = 4; lastKnownFileType = sourcecode.swift; path = CustomLoader.swift; sourceTree = "<group>"; };
		895A35CA2CB3EBBE00FBD06D /* DesignClass.swift */ = {isa = PBXFileReference; fileEncoding = 4; lastKnownFileType = sourcecode.swift; path = DesignClass.swift; sourceTree = "<group>"; };
		895A35CB2CB3EBBE00FBD06D /* DeviceSortList.swift */ = {isa = PBXFileReference; fileEncoding = 4; lastKnownFileType = sourcecode.swift; path = DeviceSortList.swift; sourceTree = "<group>"; };
		895A35CC2CB3EBBE00FBD06D /* FloatingLabelInput.swift */ = {isa = PBXFileReference; fileEncoding = 4; lastKnownFileType = sourcecode.swift; path = FloatingLabelInput.swift; sourceTree = "<group>"; };
		895A35CD2CB3EBBE00FBD06D /* GSImageViewerController.swift */ = {isa = PBXFileReference; fileEncoding = 4; lastKnownFileType = sourcecode.swift; path = GSImageViewerController.swift; sourceTree = "<group>"; };
		895A35CE2CB3EBBE00FBD06D /* ImagePicker.swift */ = {isa = PBXFileReference; fileEncoding = 4; lastKnownFileType = sourcecode.swift; path = ImagePicker.swift; sourceTree = "<group>"; };
		895A35CF2CB3EBBE00FBD06D /* InnerShadowView.swift */ = {isa = PBXFileReference; fileEncoding = 4; lastKnownFileType = sourcecode.swift; path = InnerShadowView.swift; sourceTree = "<group>"; };
		895A35D02CB3EBBE00FBD06D /* LightCompressor.swift */ = {isa = PBXFileReference; fileEncoding = 4; lastKnownFileType = sourcecode.swift; path = LightCompressor.swift; sourceTree = "<group>"; };
		895A35D12CB3EBBE00FBD06D /* Toast.swift */ = {isa = PBXFileReference; fileEncoding = 4; lastKnownFileType = sourcecode.swift; path = Toast.swift; sourceTree = "<group>"; };
		895A35D22CB3EBBE00FBD06D /* WMSegment.swift */ = {isa = PBXFileReference; fileEncoding = 4; lastKnownFileType = sourcecode.swift; path = WMSegment.swift; sourceTree = "<group>"; };
		895A35D42CB3EBBE00FBD06D /* Reponse.swift */ = {isa = PBXFileReference; fileEncoding = 4; lastKnownFileType = sourcecode.swift; path = Reponse.swift; sourceTree = "<group>"; };
		895A35D52CB3EBBE00FBD06D /* RequestModel.swift */ = {isa = PBXFileReference; fileEncoding = 4; lastKnownFileType = sourcecode.swift; path = RequestModel.swift; sourceTree = "<group>"; };
		895A35D62CB3EBBE00FBD06D /* ResponseModel.swift */ = {isa = PBXFileReference; fileEncoding = 4; lastKnownFileType = sourcecode.swift; path = ResponseModel.swift; sourceTree = "<group>"; };
		895A362F2CB3F56F00FBD06D /* Intoduction.mp4 */ = {isa = PBXFileReference; lastKnownFileType = file; path = Intoduction.mp4; sourceTree = "<group>"; };
		895A36312CB3F9E400FBD06D /* SignUpScreen.swift */ = {isa = PBXFileReference; lastKnownFileType = sourcecode.swift; path = SignUpScreen.swift; sourceTree = "<group>"; };
		89A705A82A691DA50018F69C /* BinbagVerify.app */ = {isa = PBXFileReference; explicitFileType = wrapper.application; includeInIndex = 0; path = BinbagVerify.app; sourceTree = BUILT_PRODUCTS_DIR; };
		89A705AB2A691DA50018F69C /* AppDelegate.swift */ = {isa = PBXFileReference; lastKnownFileType = sourcecode.swift; path = AppDelegate.swift; sourceTree = "<group>"; };
		89A705AF2A691DA50018F69C /* ViewController.swift */ = {isa = PBXFileReference; lastKnownFileType = sourcecode.swift; path = ViewController.swift; sourceTree = "<group>"; };
		89A705B22A691DA50018F69C /* Base */ = {isa = PBXFileReference; lastKnownFileType = file.storyboard; name = Base; path = Base.lproj/Main.storyboard; sourceTree = "<group>"; };
		89A705B42A691DA60018F69C /* Assets.xcassets */ = {isa = PBXFileReference; lastKnownFileType = folder.assetcatalog; path = Assets.xcassets; sourceTree = "<group>"; };
		89A705B72A691DA60018F69C /* Base */ = {isa = PBXFileReference; lastKnownFileType = file.storyboard; name = Base; path = Base.lproj/LaunchScreen.storyboard; sourceTree = "<group>"; };
		89A705B92A691DA60018F69C /* Info.plist */ = {isa = PBXFileReference; lastKnownFileType = text.plist.xml; path = Info.plist; sourceTree = "<group>"; };
		89A705C12A691F060018F69C /* ConfigDemo.json */ = {isa = PBXFileReference; fileEncoding = 4; lastKnownFileType = text.json; path = ConfigDemo.json; sourceTree = "<group>"; };
		89A705C42A6949700018F69C /* Result_VC.swift */ = {isa = PBXFileReference; fileEncoding = 4; lastKnownFileType = sourcecode.swift; path = Result_VC.swift; sourceTree = "<group>"; };
		89A705C52A6949700018F69C /* DIVEOnlineSDK_VC.swift */ = {isa = PBXFileReference; fileEncoding = 4; lastKnownFileType = sourcecode.swift; path = DIVEOnlineSDK_VC.swift; sourceTree = "<group>"; };
		89A705C62A6949700018F69C /* DIVESDK_VC.swift */ = {isa = PBXFileReference; fileEncoding = 4; lastKnownFileType = sourcecode.swift; path = DIVESDK_VC.swift; sourceTree = "<group>"; };
		89B68DD52CB8F71F006629DC /* SFPRODISPLAYREGULAR.OTF */ = {isa = PBXFileReference; lastKnownFileType = file; path = SFPRODISPLAYREGULAR.OTF; sourceTree = "<group>"; };
		89B68DD62CB8F71F006629DC /* SFPRODISPLAYBOLD.OTF */ = {isa = PBXFileReference; lastKnownFileType = file; path = SFPRODISPLAYBOLD.OTF; sourceTree = "<group>"; };
		89B68DD72CB8F71F006629DC /* SFPRODISPLAYMEDIUM.OTF */ = {isa = PBXFileReference; lastKnownFileType = file; path = SFPRODISPLAYMEDIUM.OTF; sourceTree = "<group>"; };
		ECE4065F5A22DB6DA222FA47 /* Pods-BinbagVerify.debug.xcconfig */ = {isa = PBXFileReference; includeInIndex = 1; lastKnownFileType = text.xcconfig; name = "Pods-BinbagVerify.debug.xcconfig"; path = "Target Support Files/Pods-BinbagVerify/Pods-BinbagVerify.debug.xcconfig"; sourceTree = "<group>"; };
/* End PBXFileReference section */

/* Begin PBXFrameworksBuildPhase section */
		89A705A52A691DA50018F69C /* Frameworks */ = {
			isa = PBXFrameworksBuildPhase;
			buildActionMask = 2147483647;
			files = (
				89124D262C638DFF00449D55 /* DIVEOnlineSDK in Frameworks */,
				89124D282C638DFF00449D55 /* DIVESDK in Frameworks */,
				2CDF3069CAADC224F7D01573 /* Pods_BinbagVerify.framework in Frameworks */,
			);
			runOnlyForDeploymentPostprocessing = 0;
		};
/* End PBXFrameworksBuildPhase section */

/* Begin PBXGroup section */
		38A2BF59B40615A7F843F071 /* Pods */ = {
			isa = PBXGroup;
			children = (
				ECE4065F5A22DB6DA222FA47 /* Pods-BinbagVerify.debug.xcconfig */,
				4C496905D542671F2ADDDA15 /* Pods-BinbagVerify.release.xcconfig */,
			);
			path = Pods;
			sourceTree = "<group>";
		};
		895A356B2CB3E8BE00FBD06D /* Screens */ = {
			isa = PBXGroup;
			children = (
				895A356C2CB3E8C700FBD06D /* Authentication */,
				895A356D2CB3E8DB00FBD06D /* VerifyDocument */,
			);
			path = Screens;
			sourceTree = "<group>";
		};
		895A356C2CB3E8C700FBD06D /* Authentication */ = {
			isa = PBXGroup;
			children = (
				895A35702CB3E9D000FBD06D /* Authentication.storyboard */,
				895A36312CB3F9E400FBD06D /* SignUpScreen.swift */,
				89166D3D2CB912EF001CD894 /* ContractScreen.swift */,
			);
			path = Authentication;
			sourceTree = "<group>";
		};
		895A356D2CB3E8DB00FBD06D /* VerifyDocument */ = {
			isa = PBXGroup;
			children = (
				895A356E2CB3E95600FBD06D /* VerifyDocument.storyboard */,
				89A705C52A6949700018F69C /* DIVEOnlineSDK_VC.swift */,
				89A705C62A6949700018F69C /* DIVESDK_VC.swift */,
				89A705C42A6949700018F69C /* Result_VC.swift */,
				89258C992CB54DDE002F7D03 /* VerifiedScreen.swift */,
				89258C9B2CB54FEE002F7D03 /* VerifyRejectScreen.swift */,
			);
			path = VerifyDocument;
			sourceTree = "<group>";
		};
		895A357C2CB3EBBE00FBD06D /* Services */ = {
			isa = PBXGroup;
			children = (
				895A35722CB3EBBE00FBD06D /* AuthServices.swift */,
				895A35732CB3EBBE00FBD06D /* ChatService.swift */,
				895A35742CB3EBBE00FBD06D /* DeveloperListService.swift */,
				895A35752CB3EBBE00FBD06D /* EventService.swift */,
				895A35762CB3EBBE00FBD06D /* HomeService.swift */,
				895A35772CB3EBBE00FBD06D /* MaintenanceService.swift */,
				895A35782CB3EBBE00FBD06D /* PaymentService.swift */,
				895A35792CB3EBBE00FBD06D /* ReservationService.swift */,
				895A357A2CB3EBBE00FBD06D /* SecurityService.swift */,
				895A357B2CB3EBBE00FBD06D /* ServiceProvider.swift */,
			);
			path = Services;
			sourceTree = "<group>";
		};
		895A35802CB3EBBE00FBD06D /* APIManager */ = {
			isa = PBXGroup;
			children = (
				895A357C2CB3EBBE00FBD06D /* Services */,
				895A357D2CB3EBBE00FBD06D /* APIManager.swift */,
				895A357F2CB3EBBE00FBD06D /* WebServicesUrls.swift */,
			);
			path = APIManager;
			sourceTree = "<group>";
		};
		895A35822CB3EBBE00FBD06D /* IAP */ = {
			isa = PBXGroup;
			children = (
				895A35812CB3EBBE00FBD06D /* IAPM.swift */,
			);
			path = IAP;
			sourceTree = "<group>";
		};
		895A358A2CB3EBBE00FBD06D /* Utilities */ = {
			isa = PBXGroup;
			children = (
				895A35822CB3EBBE00FBD06D /* IAP */,
				895A35832CB3EBBE00FBD06D /* AlertMessage.swift */,
				895A35842CB3EBBE00FBD06D /* CommanModel.swift */,
				895A35852CB3EBBE00FBD06D /* Constant.swift */,
				895A35862CB3EBBE00FBD06D /* Extensions.swift */,
				895A35872CB3EBBE00FBD06D /* GlobalString.swift */,
				895A35882CB3EBBE00FBD06D /* UserDefaultsManager.swift */,
				895A35892CB3EBBE00FBD06D /* Utility.swift */,
			);
			path = Utilities;
			sourceTree = "<group>";
		};
		895A35932CB3EBBE00FBD06D /* BottomPopupController */ = {
			isa = PBXGroup;
			children = (
				895A358B2CB3EBBE00FBD06D /* BottomPopupDismissAnimator.swift */,
				895A358C2CB3EBBE00FBD06D /* BottomPopupDismissInteractionController.swift */,
				895A358D2CB3EBBE00FBD06D /* BottomPopupNavigationController.swift */,
				895A358E2CB3EBBE00FBD06D /* BottomPopupPresentAnimator.swift */,
				895A358F2CB3EBBE00FBD06D /* BottomPopupPresentationController.swift */,
				895A35902CB3EBBE00FBD06D /* BottomPopupTransitionHandler.swift */,
				895A35912CB3EBBE00FBD06D /* BottomPopupUtils.swift */,
				895A35922CB3EBBE00FBD06D /* BottomPopupViewController.swift */,
			);
			path = BottomPopupController;
			sourceTree = "<group>";
		};
		895A35952CB3EBBE00FBD06D /* CustomSliderView */ = {
			isa = PBXGroup;
			children = (
				895A35942CB3EBBE00FBD06D /* CustomSliderView.swift */,
			);
			path = CustomSliderView;
			sourceTree = "<group>";
		};
		895A35A12CB3EBBE00FBD06D /* DesignableX */ = {
			isa = PBXGroup;
			children = (
				895A35962CB3EBBE00FBD06D /* gradint.swift */,
				895A35972CB3EBBE00FBD06D /* UIButtonX.swift */,
				895A35982CB3EBBE00FBD06D /* UIImageViewX.swift */,
				895A35992CB3EBBE00FBD06D /* UILabelX.swift */,
				895A359A2CB3EBBE00FBD06D /* UISliderX.swift */,
				895A359B2CB3EBBE00FBD06D /* UITextFieldX.swift */,
				895A359C2CB3EBBE00FBD06D /* UIViewAnchorPoint.swift */,
				895A359D2CB3EBBE00FBD06D /* UIViewControllerX.swift */,
				895A359E2CB3EBBE00FBD06D /* UIViewX.swift */,
				895A359F2CB3EBBE00FBD06D /* UIViewXRadialGradient.swift */,
				895A35A02CB3EBBE00FBD06D /* UIVisualEffectViewX.swift */,
			);
			path = DesignableX;
			sourceTree = "<group>";
		};
		895A35A92CB3EBBE00FBD06D /* Validators */ = {
			isa = PBXGroup;
			children = (
				895A35A22CB3EBBE00FBD06D /* LGSideMenuController+ValidatingUserInteraction.swift */,
				895A35A32CB3EBBE00FBD06D /* LGSideMenuController+ValidatingViewsFrames.swift */,
				895A35A42CB3EBBE00FBD06D /* LGSideMenuController+ValidatingViewsHierarchy.swift */,
				895A35A52CB3EBBE00FBD06D /* LGSideMenuController+ValidatingViewsInit.swift */,
				895A35A62CB3EBBE00FBD06D /* LGSideMenuController+ValidatingViewsStyles.swift */,
				895A35A72CB3EBBE00FBD06D /* LGSideMenuController+ValidatingViewsTransforms.swift */,
				895A35A82CB3EBBE00FBD06D /* LGSideMenuController+ValidatingViewsVisibility.swift */,
			);
			path = Validators;
			sourceTree = "<group>";
		};
		895A35B42CB3EBBE00FBD06D /* Extensions */ = {
			isa = PBXGroup;
			children = (
				895A35A92CB3EBBE00FBD06D /* Validators */,
				895A35AA2CB3EBBE00FBD06D /* LGSideMenuController+Callbacks.swift */,
				895A35AB2CB3EBBE00FBD06D /* LGSideMenuController+GesturesHandler.swift */,
				895A35AC2CB3EBBE00FBD06D /* LGSideMenuController+Helpers.swift */,
				895A35AD2CB3EBBE00FBD06D /* LGSideMenuController+Layouting.swift */,
				895A35AE2CB3EBBE00FBD06D /* LGSideMenuController+LeftViewActions.swift */,
				895A35AF2CB3EBBE00FBD06D /* LGSideMenuController+RightViewActions.swift */,
				895A35B02CB3EBBE00FBD06D /* LGSideMenuController+Rotating.swift */,
				895A35B12CB3EBBE00FBD06D /* LGSideMenuController+States.swift */,
				895A35B22CB3EBBE00FBD06D /* LGSideMenuController+StatusBarHandler.swift */,
				895A35B32CB3EBBE00FBD06D /* LGSideMenuController+ViewsRemoving.swift */,
			);
			path = Extensions;
			sourceTree = "<group>";
		};
		895A35BE2CB3EBBE00FBD06D /* LGSideMenuController */ = {
			isa = PBXGroup;
			children = (
				895A35B42CB3EBBE00FBD06D /* Extensions */,
				895A35B52CB3EBBE00FBD06D /* LGSideMenuBackgroundDecorationView.swift */,
				895A35B62CB3EBBE00FBD06D /* LGSideMenuBackgroundShadowView.swift */,
				895A35B72CB3EBBE00FBD06D /* LGSideMenuController.swift */,
				895A35B82CB3EBBE00FBD06D /* LGSideMenuDelegate.swift */,
				895A35B92CB3EBBE00FBD06D /* LGSideMenuHelper.swift */,
				895A35BA2CB3EBBE00FBD06D /* LGSideMenuSegue.swift */,
				895A35BB2CB3EBBE00FBD06D /* LGSideMenuStatusBarBackgroundView.swift */,
				895A35BC2CB3EBBE00FBD06D /* LGSideMenuWrapperView.swift */,
				895A35BD2CB3EBBE00FBD06D /* UIViewController+LGSideMenuController.swift */,
			);
			path = LGSideMenuController;
			sourceTree = "<group>";
		};
		895A35C22CB3EBBE00FBD06D /* RangeSeekSlider */ = {
			isa = PBXGroup;
			children = (
				895A35BF2CB3EBBE00FBD06D /* RangeSeekSlider.swift */,
				895A35C02CB3EBBE00FBD06D /* RangeSeekSliderDelegate.swift */,
				895A35C12CB3EBBE00FBD06D /* TapticEngine.swift */,
			);
			path = RangeSeekSlider;
			sourceTree = "<group>";
		};
		895A35C42CB3EBBE00FBD06D /* Reachability */ = {
			isa = PBXGroup;
			children = (
				895A35C32CB3EBBE00FBD06D /* Reachability.swift */,
			);
			path = Reachability;
			sourceTree = "<group>";
		};
		895A35C62CB3EBBE00FBD06D /* SwiftLoader */ = {
			isa = PBXGroup;
			children = (
				895A35C52CB3EBBE00FBD06D /* SwiftLoader.swift */,
			);
			path = SwiftLoader;
			sourceTree = "<group>";
		};
		895A35D32CB3EBBE00FBD06D /* Library */ = {
			isa = PBXGroup;
			children = (
				895A35932CB3EBBE00FBD06D /* BottomPopupController */,
				895A35952CB3EBBE00FBD06D /* CustomSliderView */,
				895A35A12CB3EBBE00FBD06D /* DesignableX */,
				895A35BE2CB3EBBE00FBD06D /* LGSideMenuController */,
				895A35C22CB3EBBE00FBD06D /* RangeSeekSlider */,
				895A35C42CB3EBBE00FBD06D /* Reachability */,
				895A35C62CB3EBBE00FBD06D /* SwiftLoader */,
				895A35C72CB3EBBE00FBD06D /* CardView.swift */,
				895A35C82CB3EBBE00FBD06D /* CustomGradientView.swift */,
				895A35C92CB3EBBE00FBD06D /* CustomLoader.swift */,
				895A35CA2CB3EBBE00FBD06D /* DesignClass.swift */,
				895A35CB2CB3EBBE00FBD06D /* DeviceSortList.swift */,
				895A35CC2CB3EBBE00FBD06D /* FloatingLabelInput.swift */,
				895A35CD2CB3EBBE00FBD06D /* GSImageViewerController.swift */,
				895A35CE2CB3EBBE00FBD06D /* ImagePicker.swift */,
				895A35CF2CB3EBBE00FBD06D /* InnerShadowView.swift */,
				895A35D02CB3EBBE00FBD06D /* LightCompressor.swift */,
				895A35D12CB3EBBE00FBD06D /* Toast.swift */,
				895A35D22CB3EBBE00FBD06D /* WMSegment.swift */,
			);
			path = Library;
			sourceTree = "<group>";
		};
		895A35D72CB3EBBE00FBD06D /* Model */ = {
			isa = PBXGroup;
			children = (
				895A35D42CB3EBBE00FBD06D /* Reponse.swift */,
				895A35D52CB3EBBE00FBD06D /* RequestModel.swift */,
				895A35D62CB3EBBE00FBD06D /* ResponseModel.swift */,
			);
			path = Model;
			sourceTree = "<group>";
		};
		89A7059F2A691DA50018F69C = {
			isa = PBXGroup;
			children = (
				89A705AA2A691DA50018F69C /* BinbagVerify */,
				89A705A92A691DA50018F69C /* Products */,
				89A705CA2A695A2E0018F69C /* Frameworks */,
				38A2BF59B40615A7F843F071 /* Pods */,
			);
			sourceTree = "<group>";
		};
		89A705A92A691DA50018F69C /* Products */ = {
			isa = PBXGroup;
			children = (
				89A705A82A691DA50018F69C /* BinbagVerify.app */,
			);
			name = Products;
			sourceTree = "<group>";
		};
		89A705AA2A691DA50018F69C /* BinbagVerify */ = {
			isa = PBXGroup;
			children = (
				89A705AB2A691DA50018F69C /* AppDelegate.swift */,
				89A705B62A691DA60018F69C /* LaunchScreen.storyboard */,
				89A705B12A691DA50018F69C /* Main.storyboard */,
				89A705AF2A691DA50018F69C /* ViewController.swift */,
				895A362F2CB3F56F00FBD06D /* Intoduction.mp4 */,
				89A705B42A691DA60018F69C /* Assets.xcassets */,
				895A356B2CB3E8BE00FBD06D /* Screens */,
				895A35802CB3EBBE00FBD06D /* APIManager */,
				895A35D32CB3EBBE00FBD06D /* Library */,
				895A35D72CB3EBBE00FBD06D /* Model */,
				895A358A2CB3EBBE00FBD06D /* Utilities */,
				89A705C32A691F0E0018F69C /* Json */,
				89B68DD42CB8F6F5006629DC /* Font */,
				89A705B92A691DA60018F69C /* Info.plist */,
			);
			path = BinbagVerify;
			sourceTree = "<group>";
		};
		89A705C32A691F0E0018F69C /* Json */ = {
			isa = PBXGroup;
			children = (
				89A705C12A691F060018F69C /* ConfigDemo.json */,
			);
			path = Json;
			sourceTree = "<group>";
		};
		89A705CA2A695A2E0018F69C /* Frameworks */ = {
			isa = PBXGroup;
			children = (
				7F3A6D02EAB3E7CBB889EE77 /* Pods_BinbagVerify.framework */,
			);
			name = Frameworks;
			sourceTree = "<group>";
		};
		89B68DD42CB8F6F5006629DC /* Font */ = {
			isa = PBXGroup;
			children = (
				89B68DD62CB8F71F006629DC /* SFPRODISPLAYBOLD.OTF */,
				89B68DD72CB8F71F006629DC /* SFPRODISPLAYMEDIUM.OTF */,
				89B68DD52CB8F71F006629DC /* SFPRODISPLAYREGULAR.OTF */,
			);
			path = Font;
			sourceTree = "<group>";
		};
/* End PBXGroup section */

/* Begin PBXNativeTarget section */
		89A705A72A691DA50018F69C /* BinbagVerify */ = {
			isa = PBXNativeTarget;
			buildConfigurationList = 89A705BC2A691DA60018F69C /* Build configuration list for PBXNativeTarget "BinbagVerify" */;
			buildPhases = (
				1D7ADEAF58537483FDA3C70B /* [CP] Check Pods Manifest.lock */,
				89A705A42A691DA50018F69C /* Sources */,
				89A705A52A691DA50018F69C /* Frameworks */,
				89A705A62A691DA50018F69C /* Resources */,
				82A8B43D1E43AA7BA746D9CF /* [CP] Embed Pods Frameworks */,
			);
			buildRules = (
			);
			dependencies = (
			);
			name = BinbagVerify;
			packageProductDependencies = (
				89124D252C638DFF00449D55 /* DIVEOnlineSDK */,
				89124D272C638DFF00449D55 /* DIVESDK */,
			);
			productName = BinbagVerify;
			productReference = 89A705A82A691DA50018F69C /* BinbagVerify.app */;
			productType = "com.apple.product-type.application";
		};
/* End PBXNativeTarget section */

/* Begin PBXProject section */
		89A705A02A691DA50018F69C /* Project object */ = {
			isa = PBXProject;
			attributes = {
				BuildIndependentTargetsInParallel = 1;
				LastSwiftUpdateCheck = 1430;
				LastUpgradeCheck = 1430;
				TargetAttributes = {
					89A705A72A691DA50018F69C = {
						CreatedOnToolsVersion = 14.3.1;
					};
				};
			};
			buildConfigurationList = 89A705A32A691DA50018F69C /* Build configuration list for PBXProject "BinbagVerify" */;
			compatibilityVersion = "Xcode 14.0";
			developmentRegion = en;
			hasScannedForEncodings = 0;
			knownRegions = (
				en,
				Base,
			);
			mainGroup = 89A7059F2A691DA50018F69C;
			packageReferences = (
				89124D242C638DFF00449D55 /* XCRemoteSwiftPackageReference "DIVESDKIOS" */,
			);
			productRefGroup = 89A705A92A691DA50018F69C /* Products */;
			projectDirPath = "";
			projectRoot = "";
			targets = (
				89A705A72A691DA50018F69C /* BinbagVerify */,
			);
		};
/* End PBXProject section */

/* Begin PBXResourcesBuildPhase section */
		89A705A62A691DA50018F69C /* Resources */ = {
			isa = PBXResourcesBuildPhase;
			buildActionMask = 2147483647;
			files = (
				89B68DDA2CB8F71F006629DC /* SFPRODISPLAYMEDIUM.OTF in Resources */,
				89B68DD82CB8F71F006629DC /* SFPRODISPLAYREGULAR.OTF in Resources */,
				895A35712CB3E9D000FBD06D /* Authentication.storyboard in Resources */,
				89A705B82A691DA60018F69C /* LaunchScreen.storyboard in Resources */,
				89A705B52A691DA60018F69C /* Assets.xcassets in Resources */,
				89B68DD92CB8F71F006629DC /* SFPRODISPLAYBOLD.OTF in Resources */,
				89A705C22A691F060018F69C /* ConfigDemo.json in Resources */,
				895A356F2CB3E95600FBD06D /* VerifyDocument.storyboard in Resources */,
				895A36302CB3F56F00FBD06D /* Intoduction.mp4 in Resources */,
				89A705B32A691DA50018F69C /* Main.storyboard in Resources */,
			);
			runOnlyForDeploymentPostprocessing = 0;
		};
/* End PBXResourcesBuildPhase section */

/* Begin PBXShellScriptBuildPhase section */
		1D7ADEAF58537483FDA3C70B /* [CP] Check Pods Manifest.lock */ = {
			isa = PBXShellScriptBuildPhase;
			buildActionMask = 2147483647;
			files = (
			);
			inputFileListPaths = (
			);
			inputPaths = (
				"${PODS_PODFILE_DIR_PATH}/Podfile.lock",
				"${PODS_ROOT}/Manifest.lock",
			);
			name = "[CP] Check Pods Manifest.lock";
			outputFileListPaths = (
			);
			outputPaths = (
				"$(DERIVED_FILE_DIR)/Pods-BinbagVerify-checkManifestLockResult.txt",
			);
			runOnlyForDeploymentPostprocessing = 0;
			shellPath = /bin/sh;
			shellScript = "diff \"${PODS_PODFILE_DIR_PATH}/Podfile.lock\" \"${PODS_ROOT}/Manifest.lock\" > /dev/null\nif [ $? != 0 ] ; then\n    # print error to STDERR\n    echo \"error: The sandbox is not in sync with the Podfile.lock. Run 'pod install' or update your CocoaPods installation.\" >&2\n    exit 1\nfi\n# This output is used by Xcode 'outputs' to avoid re-running this script phase.\necho \"SUCCESS\" > \"${SCRIPT_OUTPUT_FILE_0}\"\n";
			showEnvVarsInLog = 0;
		};
		82A8B43D1E43AA7BA746D9CF /* [CP] Embed Pods Frameworks */ = {
			isa = PBXShellScriptBuildPhase;
			buildActionMask = 2147483647;
			files = (
			);
			inputFileListPaths = (
				"${PODS_ROOT}/Target Support Files/Pods-BinbagVerify/Pods-BinbagVerify-frameworks-${CONFIGURATION}-input-files.xcfilelist",
			);
			name = "[CP] Embed Pods Frameworks";
			outputFileListPaths = (
				"${PODS_ROOT}/Target Support Files/Pods-BinbagVerify/Pods-BinbagVerify-frameworks-${CONFIGURATION}-output-files.xcfilelist",
			);
			runOnlyForDeploymentPostprocessing = 0;
			shellPath = /bin/sh;
			shellScript = "\"${PODS_ROOT}/Target Support Files/Pods-BinbagVerify/Pods-BinbagVerify-frameworks.sh\"\n";
			showEnvVarsInLog = 0;
		};
/* End PBXShellScriptBuildPhase section */

/* Begin PBXSourcesBuildPhase section */
		89A705A42A691DA50018F69C /* Sources */ = {
			isa = PBXSourcesBuildPhase;
			buildActionMask = 2147483647;
			files = (
				895A36052CB3EBBE00FBD06D /* LGSideMenuController+ValidatingViewsStyles.swift in Sources */,
				895A35FD2CB3EBBE00FBD06D /* UIViewControllerX.swift in Sources */,
				895A35F02CB3EBBE00FBD06D /* BottomPopupPresentAnimator.swift in Sources */,
				895A36222CB3EBBE00FBD06D /* CustomLoader.swift in Sources */,
				895A36132CB3EBBE00FBD06D /* LGSideMenuBackgroundShadowView.swift in Sources */,
				895A35F82CB3EBBE00FBD06D /* UIImageViewX.swift in Sources */,
				895A36212CB3EBBE00FBD06D /* CustomGradientView.swift in Sources */,
				895A362A2CB3EBBE00FBD06D /* Toast.swift in Sources */,
				895A35ED2CB3EBBE00FBD06D /* BottomPopupDismissAnimator.swift in Sources */,
				895A35EC2CB3EBBE00FBD06D /* Utility.swift in Sources */,
				895A361F2CB3EBBE00FBD06D /* SwiftLoader.swift in Sources */,
				89A705B02A691DA50018F69C /* ViewController.swift in Sources */,
				895A35F72CB3EBBE00FBD06D /* UIButtonX.swift in Sources */,
				89A705C82A6949700018F69C /* DIVEOnlineSDK_VC.swift in Sources */,
				895A361B2CB3EBBE00FBD06D /* RangeSeekSlider.swift in Sources */,
				895A35D82CB3EBBE00FBD06D /* AuthServices.swift in Sources */,
				895A36202CB3EBBE00FBD06D /* CardView.swift in Sources */,
				895A36082CB3EBBE00FBD06D /* LGSideMenuController+Callbacks.swift in Sources */,
				895A36042CB3EBBE00FBD06D /* LGSideMenuController+ValidatingViewsInit.swift in Sources */,
				895A36242CB3EBBE00FBD06D /* DeviceSortList.swift in Sources */,
				895A35FB2CB3EBBE00FBD06D /* UITextFieldX.swift in Sources */,
				895A35E62CB3EBBE00FBD06D /* AlertMessage.swift in Sources */,
				895A35EE2CB3EBBE00FBD06D /* BottomPopupDismissInteractionController.swift in Sources */,
				89A705C72A6949700018F69C /* Result_VC.swift in Sources */,
				895A35DD2CB3EBBE00FBD06D /* MaintenanceService.swift in Sources */,
				895A35EA2CB3EBBE00FBD06D /* GlobalString.swift in Sources */,
				895A35D92CB3EBBE00FBD06D /* ChatService.swift in Sources */,
				895A35F22CB3EBBE00FBD06D /* BottomPopupTransitionHandler.swift in Sources */,
				895A36072CB3EBBE00FBD06D /* LGSideMenuController+ValidatingViewsVisibility.swift in Sources */,
				895A36292CB3EBBE00FBD06D /* LightCompressor.swift in Sources */,
				895A36252CB3EBBE00FBD06D /* FloatingLabelInput.swift in Sources */,
				89166D3E2CB912EF001CD894 /* ContractScreen.swift in Sources */,
				895A35F42CB3EBBE00FBD06D /* BottomPopupViewController.swift in Sources */,
				895A35DC2CB3EBBE00FBD06D /* HomeService.swift in Sources */,
				895A35DB2CB3EBBE00FBD06D /* EventService.swift in Sources */,
				895A36102CB3EBBE00FBD06D /* LGSideMenuController+StatusBarHandler.swift in Sources */,
				89258C9A2CB54DDE002F7D03 /* VerifiedScreen.swift in Sources */,
				895A35E02CB3EBBE00FBD06D /* SecurityService.swift in Sources */,
				895A35E82CB3EBBE00FBD06D /* Constant.swift in Sources */,
				895A362D2CB3EBBE00FBD06D /* RequestModel.swift in Sources */,
				895A36152CB3EBBE00FBD06D /* LGSideMenuDelegate.swift in Sources */,
				895A35FE2CB3EBBE00FBD06D /* UIViewX.swift in Sources */,
				895A35E12CB3EBBE00FBD06D /* ServiceProvider.swift in Sources */,
				895A35DA2CB3EBBE00FBD06D /* DeveloperListService.swift in Sources */,
				895A35E42CB3EBBE00FBD06D /* WebServicesUrls.swift in Sources */,
				895A361D2CB3EBBE00FBD06D /* TapticEngine.swift in Sources */,
				895A361C2CB3EBBE00FBD06D /* RangeSeekSliderDelegate.swift in Sources */,
				895A36092CB3EBBE00FBD06D /* LGSideMenuController+GesturesHandler.swift in Sources */,
				895A36232CB3EBBE00FBD06D /* DesignClass.swift in Sources */,
				895A361E2CB3EBBE00FBD06D /* Reachability.swift in Sources */,
				895A36012CB3EBBE00FBD06D /* LGSideMenuController+ValidatingUserInteraction.swift in Sources */,
				895A35E22CB3EBBE00FBD06D /* APIManager.swift in Sources */,
				895A35EF2CB3EBBE00FBD06D /* BottomPopupNavigationController.swift in Sources */,
				895A36322CB3F9E400FBD06D /* SignUpScreen.swift in Sources */,
				895A36112CB3EBBE00FBD06D /* LGSideMenuController+ViewsRemoving.swift in Sources */,
				895A362E2CB3EBBE00FBD06D /* ResponseModel.swift in Sources */,
				895A35FC2CB3EBBE00FBD06D /* UIViewAnchorPoint.swift in Sources */,
				89A705C92A6949700018F69C /* DIVESDK_VC.swift in Sources */,
				89A705AC2A691DA50018F69C /* AppDelegate.swift in Sources */,
				895A36142CB3EBBE00FBD06D /* LGSideMenuController.swift in Sources */,
				895A35DF2CB3EBBE00FBD06D /* ReservationService.swift in Sources */,
				895A35F32CB3EBBE00FBD06D /* BottomPopupUtils.swift in Sources */,
				895A36122CB3EBBE00FBD06D /* LGSideMenuBackgroundDecorationView.swift in Sources */,
				895A36022CB3EBBE00FBD06D /* LGSideMenuController+ValidatingViewsFrames.swift in Sources */,
				895A36162CB3EBBE00FBD06D /* LGSideMenuHelper.swift in Sources */,
				895A35E92CB3EBBE00FBD06D /* Extensions.swift in Sources */,
				89258C9C2CB54FEE002F7D03 /* VerifyRejectScreen.swift in Sources */,
				895A36282CB3EBBE00FBD06D /* InnerShadowView.swift in Sources */,
				895A35E52CB3EBBE00FBD06D /* IAPM.swift in Sources */,
				895A360F2CB3EBBE00FBD06D /* LGSideMenuController+States.swift in Sources */,
				895A360C2CB3EBBE00FBD06D /* LGSideMenuController+LeftViewActions.swift in Sources */,
				895A361A2CB3EBBE00FBD06D /* UIViewController+LGSideMenuController.swift in Sources */,
				895A35FA2CB3EBBE00FBD06D /* UISliderX.swift in Sources */,
				895A36192CB3EBBE00FBD06D /* LGSideMenuWrapperView.swift in Sources */,
				895A36262CB3EBBE00FBD06D /* GSImageViewerController.swift in Sources */,
				895A36002CB3EBBE00FBD06D /* UIVisualEffectViewX.swift in Sources */,
				895A36062CB3EBBE00FBD06D /* LGSideMenuController+ValidatingViewsTransforms.swift in Sources */,
				895A35F92CB3EBBE00FBD06D /* UILabelX.swift in Sources */,
				895A35FF2CB3EBBE00FBD06D /* UIViewXRadialGradient.swift in Sources */,
				895A35F52CB3EBBE00FBD06D /* CustomSliderView.swift in Sources */,
				895A362C2CB3EBBE00FBD06D /* Reponse.swift in Sources */,
				895A36182CB3EBBE00FBD06D /* LGSideMenuStatusBarBackgroundView.swift in Sources */,
				895A36032CB3EBBE00FBD06D /* LGSideMenuController+ValidatingViewsHierarchy.swift in Sources */,
				895A36272CB3EBBE00FBD06D /* ImagePicker.swift in Sources */,
				895A35EB2CB3EBBE00FBD06D /* UserDefaultsManager.swift in Sources */,
				895A35F12CB3EBBE00FBD06D /* BottomPopupPresentationController.swift in Sources */,
				895A36172CB3EBBE00FBD06D /* LGSideMenuSegue.swift in Sources */,
				895A360D2CB3EBBE00FBD06D /* LGSideMenuController+RightViewActions.swift in Sources */,
				895A35DE2CB3EBBE00FBD06D /* PaymentService.swift in Sources */,
				895A360E2CB3EBBE00FBD06D /* LGSideMenuController+Rotating.swift in Sources */,
				895A360B2CB3EBBE00FBD06D /* LGSideMenuController+Layouting.swift in Sources */,
				895A35F62CB3EBBE00FBD06D /* gradint.swift in Sources */,
				895A35E72CB3EBBE00FBD06D /* CommanModel.swift in Sources */,
				895A360A2CB3EBBE00FBD06D /* LGSideMenuController+Helpers.swift in Sources */,
				895A362B2CB3EBBE00FBD06D /* WMSegment.swift in Sources */,
			);
			runOnlyForDeploymentPostprocessing = 0;
		};
/* End PBXSourcesBuildPhase section */

/* Begin PBXVariantGroup section */
		89A705B12A691DA50018F69C /* Main.storyboard */ = {
			isa = PBXVariantGroup;
			children = (
				89A705B22A691DA50018F69C /* Base */,
			);
			name = Main.storyboard;
			sourceTree = "<group>";
		};
		89A705B62A691DA60018F69C /* LaunchScreen.storyboard */ = {
			isa = PBXVariantGroup;
			children = (
				89A705B72A691DA60018F69C /* Base */,
			);
			name = LaunchScreen.storyboard;
			sourceTree = "<group>";
		};
/* End PBXVariantGroup section */

/* Begin XCBuildConfiguration section */
		89A705BA2A691DA60018F69C /* Debug */ = {
			isa = XCBuildConfiguration;
			buildSettings = {
				ALWAYS_SEARCH_USER_PATHS = NO;
				CLANG_ANALYZER_NONNULL = YES;
				CLANG_ANALYZER_NUMBER_OBJECT_CONVERSION = YES_AGGRESSIVE;
				CLANG_CXX_LANGUAGE_STANDARD = "gnu++20";
				CLANG_ENABLE_MODULES = YES;
				CLANG_ENABLE_OBJC_ARC = YES;
				CLANG_ENABLE_OBJC_WEAK = YES;
				CLANG_WARN_BLOCK_CAPTURE_AUTORELEASING = YES;
				CLANG_WARN_BOOL_CONVERSION = YES;
				CLANG_WARN_COMMA = YES;
				CLANG_WARN_CONSTANT_CONVERSION = YES;
				CLANG_WARN_DEPRECATED_OBJC_IMPLEMENTATIONS = YES;
				CLANG_WARN_DIRECT_OBJC_ISA_USAGE = YES_ERROR;
				CLANG_WARN_DOCUMENTATION_COMMENTS = YES;
				CLANG_WARN_EMPTY_BODY = YES;
				CLANG_WARN_ENUM_CONVERSION = YES;
				CLANG_WARN_INFINITE_RECURSION = YES;
				CLANG_WARN_INT_CONVERSION = YES;
				CLANG_WARN_NON_LITERAL_NULL_CONVERSION = YES;
				CLANG_WARN_OBJC_IMPLICIT_RETAIN_SELF = YES;
				CLANG_WARN_OBJC_LITERAL_CONVERSION = YES;
				CLANG_WARN_OBJC_ROOT_CLASS = YES_ERROR;
				CLANG_WARN_QUOTED_INCLUDE_IN_FRAMEWORK_HEADER = YES;
				CLANG_WARN_RANGE_LOOP_ANALYSIS = YES;
				CLANG_WARN_STRICT_PROTOTYPES = YES;
				CLANG_WARN_SUSPICIOUS_MOVE = YES;
				CLANG_WARN_UNGUARDED_AVAILABILITY = YES_AGGRESSIVE;
				CLANG_WARN_UNREACHABLE_CODE = YES;
				CLANG_WARN__DUPLICATE_METHOD_MATCH = YES;
				COPY_PHASE_STRIP = NO;
				DEBUG_INFORMATION_FORMAT = dwarf;
				ENABLE_STRICT_OBJC_MSGSEND = YES;
				ENABLE_TESTABILITY = YES;
				GCC_C_LANGUAGE_STANDARD = gnu11;
				GCC_DYNAMIC_NO_PIC = NO;
				GCC_NO_COMMON_BLOCKS = YES;
				GCC_OPTIMIZATION_LEVEL = 0;
				GCC_PREPROCESSOR_DEFINITIONS = (
					"DEBUG=1",
					"$(inherited)",
				);
				GCC_WARN_64_TO_32_BIT_CONVERSION = YES;
				GCC_WARN_ABOUT_RETURN_TYPE = YES_ERROR;
				GCC_WARN_UNDECLARED_SELECTOR = YES;
				GCC_WARN_UNINITIALIZED_AUTOS = YES_AGGRESSIVE;
				GCC_WARN_UNUSED_FUNCTION = YES;
				GCC_WARN_UNUSED_VARIABLE = YES;
				IPHONEOS_DEPLOYMENT_TARGET = 16.4;
				MTL_ENABLE_DEBUG_INFO = INCLUDE_SOURCE;
				MTL_FAST_MATH = YES;
				ONLY_ACTIVE_ARCH = YES;
				SDKROOT = iphoneos;
				SWIFT_ACTIVE_COMPILATION_CONDITIONS = DEBUG;
				SWIFT_OPTIMIZATION_LEVEL = "-Onone";
			};
			name = Debug;
		};
		89A705BB2A691DA60018F69C /* Release */ = {
			isa = XCBuildConfiguration;
			buildSettings = {
				ALWAYS_SEARCH_USER_PATHS = NO;
				CLANG_ANALYZER_NONNULL = YES;
				CLANG_ANALYZER_NUMBER_OBJECT_CONVERSION = YES_AGGRESSIVE;
				CLANG_CXX_LANGUAGE_STANDARD = "gnu++20";
				CLANG_ENABLE_MODULES = YES;
				CLANG_ENABLE_OBJC_ARC = YES;
				CLANG_ENABLE_OBJC_WEAK = YES;
				CLANG_WARN_BLOCK_CAPTURE_AUTORELEASING = YES;
				CLANG_WARN_BOOL_CONVERSION = YES;
				CLANG_WARN_COMMA = YES;
				CLANG_WARN_CONSTANT_CONVERSION = YES;
				CLANG_WARN_DEPRECATED_OBJC_IMPLEMENTATIONS = YES;
				CLANG_WARN_DIRECT_OBJC_ISA_USAGE = YES_ERROR;
				CLANG_WARN_DOCUMENTATION_COMMENTS = YES;
				CLANG_WARN_EMPTY_BODY = YES;
				CLANG_WARN_ENUM_CONVERSION = YES;
				CLANG_WARN_INFINITE_RECURSION = YES;
				CLANG_WARN_INT_CONVERSION = YES;
				CLANG_WARN_NON_LITERAL_NULL_CONVERSION = YES;
				CLANG_WARN_OBJC_IMPLICIT_RETAIN_SELF = YES;
				CLANG_WARN_OBJC_LITERAL_CONVERSION = YES;
				CLANG_WARN_OBJC_ROOT_CLASS = YES_ERROR;
				CLANG_WARN_QUOTED_INCLUDE_IN_FRAMEWORK_HEADER = YES;
				CLANG_WARN_RANGE_LOOP_ANALYSIS = YES;
				CLANG_WARN_STRICT_PROTOTYPES = YES;
				CLANG_WARN_SUSPICIOUS_MOVE = YES;
				CLANG_WARN_UNGUARDED_AVAILABILITY = YES_AGGRESSIVE;
				CLANG_WARN_UNREACHABLE_CODE = YES;
				CLANG_WARN__DUPLICATE_METHOD_MATCH = YES;
				COPY_PHASE_STRIP = NO;
				DEBUG_INFORMATION_FORMAT = "dwarf-with-dsym";
				ENABLE_NS_ASSERTIONS = NO;
				ENABLE_STRICT_OBJC_MSGSEND = YES;
				GCC_C_LANGUAGE_STANDARD = gnu11;
				GCC_NO_COMMON_BLOCKS = YES;
				GCC_WARN_64_TO_32_BIT_CONVERSION = YES;
				GCC_WARN_ABOUT_RETURN_TYPE = YES_ERROR;
				GCC_WARN_UNDECLARED_SELECTOR = YES;
				GCC_WARN_UNINITIALIZED_AUTOS = YES_AGGRESSIVE;
				GCC_WARN_UNUSED_FUNCTION = YES;
				GCC_WARN_UNUSED_VARIABLE = YES;
				IPHONEOS_DEPLOYMENT_TARGET = 16.4;
				MTL_ENABLE_DEBUG_INFO = NO;
				MTL_FAST_MATH = YES;
				SDKROOT = iphoneos;
				SWIFT_COMPILATION_MODE = wholemodule;
				SWIFT_OPTIMIZATION_LEVEL = "-O";
				VALIDATE_PRODUCT = YES;
			};
			name = Release;
		};
		89A705BD2A691DA60018F69C /* Debug */ = {
			isa = XCBuildConfiguration;
			baseConfigurationReference = ECE4065F5A22DB6DA222FA47 /* Pods-BinbagVerify.debug.xcconfig */;
			buildSettings = {
				ASSETCATALOG_COMPILER_APPICON_NAME = AppIcon;
				ASSETCATALOG_COMPILER_GLOBAL_ACCENT_COLOR_NAME = AccentColor;
				CODE_SIGN_STYLE = Automatic;
				CURRENT_PROJECT_VERSION = 11;
				DEVELOPMENT_TEAM = TUN6F85D5B;
				GENERATE_INFOPLIST_FILE = YES;
				INFOPLIST_FILE = BinbagVerify/Info.plist;
				INFOPLIST_KEY_NSCameraUsageDescription = "BinbagVerify camera description.";
				INFOPLIST_KEY_NSLocationAlwaysAndWhenInUseUsageDescription = "Turing on location services allow us to get your current location";
				INFOPLIST_KEY_NSLocationAlwaysUsageDescription = "Turing on location services allow us to get your current location";
				INFOPLIST_KEY_NSLocationWhenInUseUsageDescription = "Turing on location services allow us to get your current location";
				INFOPLIST_KEY_UIApplicationSupportsIndirectInputEvents = YES;
				INFOPLIST_KEY_UILaunchStoryboardName = LaunchScreen;
				INFOPLIST_KEY_UIMainStoryboardFile = Main;
				INFOPLIST_KEY_UISupportedInterfaceOrientations = UIInterfaceOrientationPortrait;
				INFOPLIST_KEY_UIUserInterfaceStyle = Light;
				IPHONEOS_DEPLOYMENT_TARGET = 14.0;
				LD_RUNPATH_SEARCH_PATHS = (
					"$(inherited)",
					"@executable_path/Frameworks",
				);
				MARKETING_VERSION = 1.0.0;
				PRODUCT_BUNDLE_IDENTIFIER = com.mobile.binbag.app;
				PRODUCT_NAME = "$(TARGET_NAME)";
				SUPPORTED_PLATFORMS = "iphoneos iphonesimulator";
				SUPPORTS_MACCATALYST = NO;
				SUPPORTS_MAC_DESIGNED_FOR_IPHONE_IPAD = YES;
				SWIFT_EMIT_LOC_STRINGS = YES;
				SWIFT_VERSION = 5.0;
				TARGETED_DEVICE_FAMILY = 1;
			};
			name = Debug;
		};
		89A705BE2A691DA60018F69C /* Release */ = {
			isa = XCBuildConfiguration;
			baseConfigurationReference = 4C496905D542671F2ADDDA15 /* Pods-BinbagVerify.release.xcconfig */;
			buildSettings = {
				ASSETCATALOG_COMPILER_APPICON_NAME = AppIcon;
				ASSETCATALOG_COMPILER_GLOBAL_ACCENT_COLOR_NAME = AccentColor;
				CODE_SIGN_STYLE = Automatic;
				CURRENT_PROJECT_VERSION = 11;
				DEVELOPMENT_TEAM = TUN6F85D5B;
				GENERATE_INFOPLIST_FILE = YES;
				INFOPLIST_FILE = BinbagVerify/Info.plist;
				INFOPLIST_KEY_NSCameraUsageDescription = "BinbagVerify camera description.";
				INFOPLIST_KEY_NSLocationAlwaysAndWhenInUseUsageDescription = "Turing on location services allow us to get your current location";
				INFOPLIST_KEY_NSLocationAlwaysUsageDescription = "Turing on location services allow us to get your current location";
				INFOPLIST_KEY_NSLocationWhenInUseUsageDescription = "Turing on location services allow us to get your current location";
				INFOPLIST_KEY_UIApplicationSupportsIndirectInputEvents = YES;
				INFOPLIST_KEY_UILaunchStoryboardName = LaunchScreen;
				INFOPLIST_KEY_UIMainStoryboardFile = Main;
				INFOPLIST_KEY_UISupportedInterfaceOrientations = UIInterfaceOrientationPortrait;
				INFOPLIST_KEY_UIUserInterfaceStyle = Light;
				IPHONEOS_DEPLOYMENT_TARGET = 14.0;
				LD_RUNPATH_SEARCH_PATHS = (
					"$(inherited)",
					"@executable_path/Frameworks",
				);
				MARKETING_VERSION = 1.0.0;
				PRODUCT_BUNDLE_IDENTIFIER = com.mobile.binbag.app;
				PRODUCT_NAME = "$(TARGET_NAME)";
				SUPPORTED_PLATFORMS = "iphoneos iphonesimulator";
				SUPPORTS_MACCATALYST = NO;
				SUPPORTS_MAC_DESIGNED_FOR_IPHONE_IPAD = YES;
				SWIFT_EMIT_LOC_STRINGS = YES;
				SWIFT_VERSION = 5.0;
				TARGETED_DEVICE_FAMILY = 1;
			};
			name = Release;
		};
/* End XCBuildConfiguration section */

/* Begin XCConfigurationList section */
		89A705A32A691DA50018F69C /* Build configuration list for PBXProject "BinbagVerify" */ = {
			isa = XCConfigurationList;
			buildConfigurations = (
				89A705BA2A691DA60018F69C /* Debug */,
				89A705BB2A691DA60018F69C /* Release */,
			);
			defaultConfigurationIsVisible = 0;
			defaultConfigurationName = Release;
		};
		89A705BC2A691DA60018F69C /* Build configuration list for PBXNativeTarget "BinbagVerify" */ = {
			isa = XCConfigurationList;
			buildConfigurations = (
				89A705BD2A691DA60018F69C /* Debug */,
				89A705BE2A691DA60018F69C /* Release */,
			);
			defaultConfigurationIsVisible = 0;
			defaultConfigurationName = Release;
		};
/* End XCConfigurationList section */

/* Begin XCRemoteSwiftPackageReference section */
		89124D242C638DFF00449D55 /* XCRemoteSwiftPackageReference "DIVESDKIOS" */ = {
			isa = XCRemoteSwiftPackageReference;
			repositoryURL = "https://github.com/IDScanNet/DIVESDKIOS.git";
			requirement = {
				kind = upToNextMajorVersion;
				minimumVersion = 1.240307.2;
			};
		};
/* End XCRemoteSwiftPackageReference section */

/* Begin XCSwiftPackageProductDependency section */
		89124D252C638DFF00449D55 /* DIVEOnlineSDK */ = {
			isa = XCSwiftPackageProductDependency;
			package = 89124D242C638DFF00449D55 /* XCRemoteSwiftPackageReference "DIVESDKIOS" */;
			productName = DIVEOnlineSDK;
		};
		89124D272C638DFF00449D55 /* DIVESDK */ = {
			isa = XCSwiftPackageProductDependency;
			package = 89124D242C638DFF00449D55 /* XCRemoteSwiftPackageReference "DIVESDKIOS" */;
			productName = DIVESDK;
		};
/* End XCSwiftPackageProductDependency section */
	};
	rootObject = 89A705A02A691DA50018F69C /* Project object */;
}
