{
  "pins" : [
    {
      "identity" : "dive-sdk-ios",
      "kind" : "remoteSourceControl",
      "location" : "https://github.com/IDScanNet/DIVE-SDK-iOS",
      "state" : {
        "revision" : "95bad6a38dbbfbff34c6e673b38b7d21c2021ae4",
        "version" : "1.240125.1"
      }
    },
    {
      "identity" : "idscaniddetectorios",
      "kind" : "remoteSourceControl",
      "location" : "https://github.com/IDScanNet/IDScanIDDetectorIOS.git",
      "state" : {
        "revision" : "d8df86680be00fbab065d5568b26ce0252fc5a77",
        "version" : "1.231002.2"
      }
    },
    {
      "identity" : "idscantoolsios",
      "kind" : "remoteSourceControl",
      "location" : "https://github.com/IDScanNet/IDScanToolsIOS.git",
      "state" : {
        "revision" : "66206b22a164ce3772a2e9d289560677b4e7ea77",
        "version" : "1.240130.3"
      }
    }
  ],
  "version" : 2
}
